
Microsoft Visual Studio Solution File, Format Version 12.00
# Visual Studio Version 17
VisualStudioVersion = 17.0.31903.59
MinimumVisualStudioVersion = 10.0.40219.1
Project("{9A19103F-16F7-4668-BE54-9A1E7A4F7556}") = "comprehend-twitter-sentiment", "comprehend-twitter-sentiment.csproj", "{5C6B26DB-22A8-4971-B67A-1F5C6E6F1CAA}"
EndProject
Global
	GlobalSection(SolutionConfigurationPlatforms) = preSolution
		Debug|Any CPU = Debug|Any CPU
		Release|Any CPU = Release|Any CPU
	EndGlobalSection
	GlobalSection(ProjectConfigurationPlatforms) = postSolution
		{5C6B26DB-22A8-4971-B67A-1F5C6E6F1CAA}.Debug|Any CPU.ActiveCfg = Debug|Any CPU
		{5C6B26DB-22A8-4971-B67A-1F5C6E6F1CAA}.Debug|Any CPU.Build.0 = Debug|Any CPU
		{5C6B26DB-22A8-4971-B67A-1F5C6E6F1CAA}.Release|Any CPU.ActiveCfg = Release|Any CPU
		{5C6B26DB-22A8-4971-B67A-1F5C6E6F1CAA}.Release|Any CPU.Build.0 = Release|Any CPU
	EndGlobalSection
	GlobalSection(SolutionProperties) = preSolution
		HideSolutionNode = FALSE
	EndGlobalSection
	GlobalSection(ExtensibilityGlobals) = postSolution
		SolutionGuid = {78B8C989-A221-48C5-BAB1-9C57F8F1279A}
	EndGlobalSection
EndGlobal
